// !$*UTF8*$!
{
	archiveVersion = 1;
	classes = {
	};
	objectVersion = 55;
	objects = {

/* Begin PBXBuildFile section */
		0106BA20B7BB8643AF4C2A7F /* Pods_FitKal.framework in Frameworks */ = {isa = PBXBuildFile; fileRef = A56B811EAAEA3F1686F91537 /* Pods_FitKal.framework */; };
		D069BA0929E44436002623A3 /* WorkoutScreenConstants.swift in Sources */ = {isa = PBXBuildFile; fileRef = D069BA0829E44436002623A3 /* WorkoutScreenConstants.swift */; };
		D069BA0D29E44B1F002623A3 /* CardCell.swift in Sources */ = {isa = PBXBuildFile; fileRef = D069BA0C29E44B1F002623A3 /* CardCell.swift */; };
		D069BA1329E4565B002623A3 /* Exercise.swift in Sources */ = {isa = PBXBuildFile; fileRef = D069BA1229E4565B002623A3 /* Exercise.swift */; };
		D069BA1529E45670002623A3 /* ExerciseList.swift in Sources */ = {isa = PBXBuildFile; fileRef = D069BA1429E45670002623A3 /* ExerciseList.swift */; };
		D069BA1929E58D75002623A3 /* ExerciseListData.swift in Sources */ = {isa = PBXBuildFile; fileRef = D069BA1829E58D75002623A3 /* ExerciseListData.swift */; };
		D069BA1B29E58FF3002623A3 /* ExerciseData.swift in Sources */ = {isa = PBXBuildFile; fileRef = D069BA1A29E58FF3002623A3 /* ExerciseData.swift */; };
		D069BA1E29E596EF002623A3 /* ExerciseListViewController.swift in Sources */ = {isa = PBXBuildFile; fileRef = D069BA1D29E596EF002623A3 /* ExerciseListViewController.swift */; };
		D069BA2029E5971B002623A3 /* ExerciseListCell.swift in Sources */ = {isa = PBXBuildFile; fileRef = D069BA1F29E5971B002623A3 /* ExerciseListCell.swift */; };
		D069BA2229E5AF03002623A3 /* GifViewController.swift in Sources */ = {isa = PBXBuildFile; fileRef = D069BA2129E5AF03002623A3 /* GifViewController.swift */; };
		D069BA2529E5AF79002623A3 /* Kingfisher in Frameworks */ = {isa = PBXBuildFile; productRef = D069BA2429E5AF79002623A3 /* Kingfisher */; };
		D0773C2729EEBBD400580806 /* CircularProgressView.swift in Sources */ = {isa = PBXBuildFile; fileRef = D0773C2629EEBBD400580806 /* CircularProgressView.swift */; };
		D0773C2B29EEE65700580806 /* FirstViewController.swift in Sources */ = {isa = PBXBuildFile; fileRef = D0773C2A29EEE65700580806 /* FirstViewController.swift */; };
		D0773C2D29F1433900580806 /* DietPlanData.swift in Sources */ = {isa = PBXBuildFile; fileRef = D0773C2C29F1433900580806 /* DietPlanData.swift */; };
		D0773C2F29F144EE00580806 /* DietPlan.swift in Sources */ = {isa = PBXBuildFile; fileRef = D0773C2E29F144EE00580806 /* DietPlan.swift */; };
		D0773C3229F1488000580806 /* FoodCardModel.swift in Sources */ = {isa = PBXBuildFile; fileRef = D0773C3129F1488000580806 /* FoodCardModel.swift */; };
		D0773C3529F1490400580806 /* PreparationDescription.swift in Sources */ = {isa = PBXBuildFile; fileRef = D0773C3429F1490400580806 /* PreparationDescription.swift */; };
		D0773C3729F14C2E00580806 /* FoodNutrientsModel.swift in Sources */ = {isa = PBXBuildFile; fileRef = D0773C3629F14C2E00580806 /* FoodNutrientsModel.swift */; };
		D0773C3929F14C6B00580806 /* IngredientModel.swift in Sources */ = {isa = PBXBuildFile; fileRef = D0773C3829F14C6B00580806 /* IngredientModel.swift */; };
		D0773C3B29F14CC200580806 /* RecipeDescription.swift in Sources */ = {isa = PBXBuildFile; fileRef = D0773C3A29F14CC200580806 /* RecipeDescription.swift */; };
		D0773C3F29F14E5F00580806 /* IngredientsCollectionViewCell.swift in Sources */ = {isa = PBXBuildFile; fileRef = D0773C3E29F14E5F00580806 /* IngredientsCollectionViewCell.swift */; };
		D0773C4129F14E9400580806 /* FoodNutrientsCollectionViewCell.swift in Sources */ = {isa = PBXBuildFile; fileRef = D0773C4029F14E9400580806 /* FoodNutrientsCollectionViewCell.swift */; };
		D0773C4329F14EE300580806 /* PreparationCollectionViewCell.swift in Sources */ = {isa = PBXBuildFile; fileRef = D0773C4229F14EE300580806 /* PreparationCollectionViewCell.swift */; };
		D0773C4929F1500800580806 /* DietPlanViewController.swift in Sources */ = {isa = PBXBuildFile; fileRef = D0773C4829F1500800580806 /* DietPlanViewController.swift */; };
		D0773C4B29F1503100580806 /* HeaderCollectionReusableView.swift in Sources */ = {isa = PBXBuildFile; fileRef = D0773C4A29F1503100580806 /* HeaderCollectionReusableView.swift */; };
		D0773C4E29F1507D00580806 /* FoodCardCollectionViewCell.swift in Sources */ = {isa = PBXBuildFile; fileRef = D0773C4D29F1507D00580806 /* FoodCardCollectionViewCell.swift */; };
		D07F1D0D29DAF64100C10A4E /* WorkoutsViewController.swift in Sources */ = {isa = PBXBuildFile; fileRef = D07F1D0C29DAF64100C10A4E /* WorkoutsViewController.swift */; };
		D07F1D1029DAF96700C10A4E /* NutrientsViewController.swift in Sources */ = {isa = PBXBuildFile; fileRef = D07F1D0F29DAF96700C10A4E /* NutrientsViewController.swift */; };
		D08331E829D83ED000EEB6E4 /* AppDelegate.swift in Sources */ = {isa = PBXBuildFile; fileRef = D08331E729D83ED000EEB6E4 /* AppDelegate.swift */; };
		D08331EA29D83ED000EEB6E4 /* SceneDelegate.swift in Sources */ = {isa = PBXBuildFile; fileRef = D08331E929D83ED000EEB6E4 /* SceneDelegate.swift */; };
		D08331EC29D83ED000EEB6E4 /* SignInVC.swift in Sources */ = {isa = PBXBuildFile; fileRef = D08331EB29D83ED000EEB6E4 /* SignInVC.swift */; };
		D08331EF29D83ED000EEB6E4 /* Main.storyboard in Resources */ = {isa = PBXBuildFile; fileRef = D08331ED29D83ED000EEB6E4 /* Main.storyboard */; };
		D08331F129D83ED800EEB6E4 /* Assets.xcassets in Resources */ = {isa = PBXBuildFile; fileRef = D08331F029D83ED800EEB6E4 /* Assets.xcassets */; };
		D08331F429D83ED800EEB6E4 /* LaunchScreen.storyboard in Resources */ = {isa = PBXBuildFile; fileRef = D08331F229D83ED800EEB6E4 /* LaunchScreen.storyboard */; };
		D08331FE29D8433000EEB6E4 /* GoogleService-Info.plist in Resources */ = {isa = PBXBuildFile; fileRef = D08331FD29D8433000EEB6E4 /* GoogleService-Info.plist */; };
		D0B556B329D9AD9100953BC9 /* continueVC.swift in Sources */ = {isa = PBXBuildFile; fileRef = D0B556B229D9AD9100953BC9 /* continueVC.swift */; };
		D0F0A76429D870FC009AFD4C /* SignUpVC.swift in Sources */ = {isa = PBXBuildFile; fileRef = D0F0A76329D870FC009AFD4C /* SignUpVC.swift */; };
		D0F0A76729D88165009AFD4C /* Utilities.swift in Sources */ = {isa = PBXBuildFile; fileRef = D0F0A76629D88165009AFD4C /* Utilities.swift */; };
		D0F0A76C29D99F73009AFD4C /* ProfilVC.swift in Sources */ = {isa = PBXBuildFile; fileRef = D0F0A76B29D99F73009AFD4C /* ProfilVC.swift */; };
		D0F0A76F29D9A0ED009AFD4C /* Methods.swift in Sources */ = {isa = PBXBuildFile; fileRef = D0F0A76E29D9A0ED009AFD4C /* Methods.swift */; };
		D0F0A77129D9A106009AFD4C /* İmagePicker.swift in Sources */ = {isa = PBXBuildFile; fileRef = D0F0A77029D9A105009AFD4C /* İmagePicker.swift */; };
/* End PBXBuildFile section */

/* Begin PBXFileReference section */
		42192B0E89729540590D28E2 /* Pods-FitKal.release.xcconfig */ = {isa = PBXFileReference; includeInIndex = 1; lastKnownFileType = text.xcconfig; name = "Pods-FitKal.release.xcconfig"; path = "Target Support Files/Pods-FitKal/Pods-FitKal.release.xcconfig"; sourceTree = "<group>"; };
		A56B811EAAEA3F1686F91537 /* Pods_FitKal.framework */ = {isa = PBXFileReference; explicitFileType = wrapper.framework; includeInIndex = 0; path = Pods_FitKal.framework; sourceTree = BUILT_PRODUCTS_DIR; };
		C5C5823EBB5F50467BF26778 /* Pods-FitKal.debug.xcconfig */ = {isa = PBXFileReference; includeInIndex = 1; lastKnownFileType = text.xcconfig; name = "Pods-FitKal.debug.xcconfig"; path = "Target Support Files/Pods-FitKal/Pods-FitKal.debug.xcconfig"; sourceTree = "<group>"; };
		D069BA0829E44436002623A3 /* WorkoutScreenConstants.swift */ = {isa = PBXFileReference; lastKnownFileType = sourcecode.swift; path = WorkoutScreenConstants.swift; sourceTree = "<group>"; };
		D069BA0C29E44B1F002623A3 /* CardCell.swift */ = {isa = PBXFileReference; lastKnownFileType = sourcecode.swift; path = CardCell.swift; sourceTree = "<group>"; };
		D069BA1229E4565B002623A3 /* Exercise.swift */ = {isa = PBXFileReference; lastKnownFileType = sourcecode.swift; path = Exercise.swift; sourceTree = "<group>"; };
		D069BA1429E45670002623A3 /* ExerciseList.swift */ = {isa = PBXFileReference; lastKnownFileType = sourcecode.swift; path = ExerciseList.swift; sourceTree = "<group>"; };
		D069BA1829E58D75002623A3 /* ExerciseListData.swift */ = {isa = PBXFileReference; lastKnownFileType = sourcecode.swift; path = ExerciseListData.swift; sourceTree = "<group>"; };
		D069BA1A29E58FF3002623A3 /* ExerciseData.swift */ = {isa = PBXFileReference; lastKnownFileType = sourcecode.swift; path = ExerciseData.swift; sourceTree = "<group>"; };
		D069BA1D29E596EF002623A3 /* ExerciseListViewController.swift */ = {isa = PBXFileReference; lastKnownFileType = sourcecode.swift; path = ExerciseListViewController.swift; sourceTree = "<group>"; };
		D069BA1F29E5971B002623A3 /* ExerciseListCell.swift */ = {isa = PBXFileReference; lastKnownFileType = sourcecode.swift; path = ExerciseListCell.swift; sourceTree = "<group>"; };
		D069BA2129E5AF03002623A3 /* GifViewController.swift */ = {isa = PBXFileReference; lastKnownFileType = sourcecode.swift; path = GifViewController.swift; sourceTree = "<group>"; };
		D0773C2629EEBBD400580806 /* CircularProgressView.swift */ = {isa = PBXFileReference; lastKnownFileType = sourcecode.swift; path = CircularProgressView.swift; sourceTree = "<group>"; };
		D0773C2A29EEE65700580806 /* FirstViewController.swift */ = {isa = PBXFileReference; lastKnownFileType = sourcecode.swift; path = FirstViewController.swift; sourceTree = "<group>"; };
		D0773C2C29F1433900580806 /* DietPlanData.swift */ = {isa = PBXFileReference; lastKnownFileType = sourcecode.swift; path = DietPlanData.swift; sourceTree = "<group>"; };
		D0773C2E29F144EE00580806 /* DietPlan.swift */ = {isa = PBXFileReference; lastKnownFileType = sourcecode.swift; path = DietPlan.swift; sourceTree = "<group>"; };
		D0773C3129F1488000580806 /* FoodCardModel.swift */ = {isa = PBXFileReference; lastKnownFileType = sourcecode.swift; path = FoodCardModel.swift; sourceTree = "<group>"; };
		D0773C3429F1490400580806 /* PreparationDescription.swift */ = {isa = PBXFileReference; lastKnownFileType = sourcecode.swift; path = PreparationDescription.swift; sourceTree = "<group>"; };
		D0773C3629F14C2E00580806 /* FoodNutrientsModel.swift */ = {isa = PBXFileReference; lastKnownFileType = sourcecode.swift; path = FoodNutrientsModel.swift; sourceTree = "<group>"; };
		D0773C3829F14C6B00580806 /* IngredientModel.swift */ = {isa = PBXFileReference; lastKnownFileType = sourcecode.swift; path = IngredientModel.swift; sourceTree = "<group>"; };
		D0773C3A29F14CC200580806 /* RecipeDescription.swift */ = {isa = PBXFileReference; lastKnownFileType = sourcecode.swift; path = RecipeDescription.swift; sourceTree = "<group>"; };
		D0773C3E29F14E5F00580806 /* IngredientsCollectionViewCell.swift */ = {isa = PBXFileReference; lastKnownFileType = sourcecode.swift; path = IngredientsCollectionViewCell.swift; sourceTree = "<group>"; };
		D0773C4029F14E9400580806 /* FoodNutrientsCollectionViewCell.swift */ = {isa = PBXFileReference; lastKnownFileType = sourcecode.swift; path = FoodNutrientsCollectionViewCell.swift; sourceTree = "<group>"; };
		D0773C4229F14EE300580806 /* PreparationCollectionViewCell.swift */ = {isa = PBXFileReference; lastKnownFileType = sourcecode.swift; path = PreparationCollectionViewCell.swift; sourceTree = "<group>"; };
		D0773C4829F1500800580806 /* DietPlanViewController.swift */ = {isa = PBXFileReference; lastKnownFileType = sourcecode.swift; path = DietPlanViewController.swift; sourceTree = "<group>"; };
		D0773C4A29F1503100580806 /* HeaderCollectionReusableView.swift */ = {isa = PBXFileReference; lastKnownFileType = sourcecode.swift; path = HeaderCollectionReusableView.swift; sourceTree = "<group>"; };
		D0773C4D29F1507D00580806 /* FoodCardCollectionViewCell.swift */ = {isa = PBXFileReference; lastKnownFileType = sourcecode.swift; path = FoodCardCollectionViewCell.swift; sourceTree = "<group>"; };
		D07F1D0C29DAF64100C10A4E /* WorkoutsViewController.swift */ = {isa = PBXFileReference; lastKnownFileType = sourcecode.swift; path = WorkoutsViewController.swift; sourceTree = "<group>"; };
		D07F1D0F29DAF96700C10A4E /* NutrientsViewController.swift */ = {isa = PBXFileReference; lastKnownFileType = sourcecode.swift; path = NutrientsViewController.swift; sourceTree = "<group>"; };
		D08331E429D83ED000EEB6E4 /* FitKal.app */ = {isa = PBXFileReference; explicitFileType = wrapper.application; includeInIndex = 0; path = FitKal.app; sourceTree = BUILT_PRODUCTS_DIR; };
		D08331E729D83ED000EEB6E4 /* AppDelegate.swift */ = {isa = PBXFileReference; lastKnownFileType = sourcecode.swift; path = AppDelegate.swift; sourceTree = "<group>"; };
		D08331E929D83ED000EEB6E4 /* SceneDelegate.swift */ = {isa = PBXFileReference; lastKnownFileType = sourcecode.swift; path = SceneDelegate.swift; sourceTree = "<group>"; };
		D08331EB29D83ED000EEB6E4 /* SignInVC.swift */ = {isa = PBXFileReference; lastKnownFileType = sourcecode.swift; path = SignInVC.swift; sourceTree = "<group>"; };
		D08331EE29D83ED000EEB6E4 /* Base */ = {isa = PBXFileReference; lastKnownFileType = file.storyboard; name = Base; path = Base.lproj/Main.storyboard; sourceTree = "<group>"; };
		D08331F029D83ED800EEB6E4 /* Assets.xcassets */ = {isa = PBXFileReference; lastKnownFileType = folder.assetcatalog; path = Assets.xcassets; sourceTree = "<group>"; };
		D08331F329D83ED800EEB6E4 /* Base */ = {isa = PBXFileReference; lastKnownFileType = file.storyboard; name = Base; path = Base.lproj/LaunchScreen.storyboard; sourceTree = "<group>"; };
		D08331F529D83ED800EEB6E4 /* Info.plist */ = {isa = PBXFileReference; lastKnownFileType = text.plist.xml; path = Info.plist; sourceTree = "<group>"; };
		D08331FD29D8433000EEB6E4 /* GoogleService-Info.plist */ = {isa = PBXFileReference; fileEncoding = 4; lastKnownFileType = text.plist.xml; path = "GoogleService-Info.plist"; sourceTree = "<group>"; };
		D0B556B229D9AD9100953BC9 /* continueVC.swift */ = {isa = PBXFileReference; lastKnownFileType = sourcecode.swift; path = continueVC.swift; sourceTree = "<group>"; };
		D0F0A76329D870FC009AFD4C /* SignUpVC.swift */ = {isa = PBXFileReference; lastKnownFileType = sourcecode.swift; path = SignUpVC.swift; sourceTree = "<group>"; };
		D0F0A76629D88165009AFD4C /* Utilities.swift */ = {isa = PBXFileReference; lastKnownFileType = sourcecode.swift; path = Utilities.swift; sourceTree = "<group>"; };
		D0F0A76B29D99F73009AFD4C /* ProfilVC.swift */ = {isa = PBXFileReference; lastKnownFileType = sourcecode.swift; path = ProfilVC.swift; sourceTree = "<group>"; };
		D0F0A76E29D9A0ED009AFD4C /* Methods.swift */ = {isa = PBXFileReference; lastKnownFileType = sourcecode.swift; path = Methods.swift; sourceTree = "<group>"; };
		D0F0A77029D9A105009AFD4C /* İmagePicker.swift */ = {isa = PBXFileReference; lastKnownFileType = sourcecode.swift; path = "İmagePicker.swift"; sourceTree = "<group>"; };
/* End PBXFileReference section */

/* Begin PBXFrameworksBuildPhase section */
		D08331E129D83ED000EEB6E4 /* Frameworks */ = {
			isa = PBXFrameworksBuildPhase;
			buildActionMask = 2147483647;
			files = (
				D069BA2529E5AF79002623A3 /* Kingfisher in Frameworks */,
				0106BA20B7BB8643AF4C2A7F /* Pods_FitKal.framework in Frameworks */,
			);
			runOnlyForDeploymentPostprocessing = 0;
		};
/* End PBXFrameworksBuildPhase section */

/* Begin PBXGroup section */
		673B8C1DCB2C6FAE9A6942EB /* Pods */ = {
			isa = PBXGroup;
			children = (
				C5C5823EBB5F50467BF26778 /* Pods-FitKal.debug.xcconfig */,
				42192B0E89729540590D28E2 /* Pods-FitKal.release.xcconfig */,
			);
			path = Pods;
			sourceTree = "<group>";
		};
		90935565A6A8B666067AA704 /* Frameworks */ = {
			isa = PBXGroup;
			children = (
				A56B811EAAEA3F1686F91537 /* Pods_FitKal.framework */,
			);
			name = Frameworks;
			sourceTree = "<group>";
		};
		D069BA0729E442E8002623A3 /* Data */ = {
			isa = PBXGroup;
			children = (
				D069BA0829E44436002623A3 /* WorkoutScreenConstants.swift */,
				D069BA1829E58D75002623A3 /* ExerciseListData.swift */,
				D0773C2C29F1433900580806 /* DietPlanData.swift */,
			);
			path = Data;
			sourceTree = "<group>";
		};
		D069BA0E29E455AA002623A3 /* Modal */ = {
			isa = PBXGroup;
			children = (
				D0773C3329F148D800580806 /* FoodNutritionViewController */,
				D0773C3029F1484A00580806 /* DietPlanViewController */,
				D069BA1129E45629002623A3 /* WorkOutVc */,
				D0773C3A29F14CC200580806 /* RecipeDescription.swift */,
			);
			path = Modal;
			sourceTree = "<group>";
		};
		D069BA1129E45629002623A3 /* WorkOutVc */ = {
			isa = PBXGroup;
			children = (
				D069BA1229E4565B002623A3 /* Exercise.swift */,
				D069BA1429E45670002623A3 /* ExerciseList.swift */,
			);
			path = WorkOutVc;
			sourceTree = "<group>";
		};
		D069BA1C29E59659002623A3 /* ExerciseScreen */ = {
			isa = PBXGroup;
			children = (
				D069BA1D29E596EF002623A3 /* ExerciseListViewController.swift */,
				D069BA1F29E5971B002623A3 /* ExerciseListCell.swift */,
				D069BA2129E5AF03002623A3 /* GifViewController.swift */,
				D0773C2629EEBBD400580806 /* CircularProgressView.swift */,
			);
			path = ExerciseScreen;
			sourceTree = "<group>";
		};
		D0773C3029F1484A00580806 /* DietPlanViewController */ = {
			isa = PBXGroup;
			children = (
				D0773C3129F1488000580806 /* FoodCardModel.swift */,
			);
			path = DietPlanViewController;
			sourceTree = "<group>";
		};
		D0773C3329F148D800580806 /* FoodNutritionViewController */ = {
			isa = PBXGroup;
			children = (
				D0773C3429F1490400580806 /* PreparationDescription.swift */,
				D0773C3629F14C2E00580806 /* FoodNutrientsModel.swift */,
				D0773C3829F14C6B00580806 /* IngredientModel.swift */,
			);
			path = FoodNutritionViewController;
			sourceTree = "<group>";
		};
		D0773C3C29F14D5F00580806 /* FoodNutritionViewController */ = {
			isa = PBXGroup;
			children = (
				D07F1D0F29DAF96700C10A4E /* NutrientsViewController.swift */,
				D0773C3D29F14E0B00580806 /* CollectionCell */,
			);
			path = FoodNutritionViewController;
			sourceTree = "<group>";
		};
		D0773C3D29F14E0B00580806 /* CollectionCell */ = {
			isa = PBXGroup;
			children = (
				D0773C3E29F14E5F00580806 /* IngredientsCollectionViewCell.swift */,
				D0773C4029F14E9400580806 /* FoodNutrientsCollectionViewCell.swift */,
				D0773C4229F14EE300580806 /* PreparationCollectionViewCell.swift */,
			);
			path = CollectionCell;
			sourceTree = "<group>";
		};
		D0773C4629F14FB200580806 /* Layout */ = {
			isa = PBXGroup;
			children = (
				D0773C4729F14FB900580806 /* DietPlanViewController */,
			);
			path = Layout;
			sourceTree = "<group>";
		};
		D0773C4729F14FB900580806 /* DietPlanViewController */ = {
			isa = PBXGroup;
			children = (
				D0773C4829F1500800580806 /* DietPlanViewController.swift */,
				D0773C4A29F1503100580806 /* HeaderCollectionReusableView.swift */,
				D0773C4C29F1505100580806 /* Cell */,
			);
			path = DietPlanViewController;
			sourceTree = "<group>";
		};
		D0773C4C29F1505100580806 /* Cell */ = {
			isa = PBXGroup;
			children = (
				D0773C4D29F1507D00580806 /* FoodCardCollectionViewCell.swift */,
			);
			path = Cell;
			sourceTree = "<group>";
		};
		D07F1D0B29DAF61E00C10A4E /* WorkoutScreen */ = {
			isa = PBXGroup;
			children = (
				D07F1D0C29DAF64100C10A4E /* WorkoutsViewController.swift */,
				D069BA0C29E44B1F002623A3 /* CardCell.swift */,
				D0773C2A29EEE65700580806 /* FirstViewController.swift */,
			);
			path = WorkoutScreen;
			sourceTree = "<group>";
		};
		D07F1D0E29DAF95000C10A4E /* DietScreen */ = {
			isa = PBXGroup;
			children = (
				D0773C4629F14FB200580806 /* Layout */,
				D0773C3C29F14D5F00580806 /* FoodNutritionViewController */,
			);
			path = DietScreen;
			sourceTree = "<group>";
		};
		D08331DB29D83ED000EEB6E4 = {
			isa = PBXGroup;
			children = (
				D08331E629D83ED000EEB6E4 /* FitKal */,
				D08331E529D83ED000EEB6E4 /* Products */,
				673B8C1DCB2C6FAE9A6942EB /* Pods */,
				90935565A6A8B666067AA704 /* Frameworks */,
			);
			sourceTree = "<group>";
		};
		D08331E529D83ED000EEB6E4 /* Products */ = {
			isa = PBXGroup;
			children = (
				D08331E429D83ED000EEB6E4 /* FitKal.app */,
			);
			name = Products;
			sourceTree = "<group>";
		};
		D08331E629D83ED000EEB6E4 /* FitKal */ = {
			isa = PBXGroup;
			children = (
				D069BA1C29E59659002623A3 /* ExerciseScreen */,
				D069BA0E29E455AA002623A3 /* Modal */,
				D069BA0729E442E8002623A3 /* Data */,
				D07F1D0E29DAF95000C10A4E /* DietScreen */,
				D07F1D0B29DAF61E00C10A4E /* WorkoutScreen */,
				D0F0A76D29D9A0AF009AFD4C /* ExtensionProfilVC */,
				D0F0A76829D99EFC009AFD4C /* ProfileScreen */,
				D0F0A76529D8814F009AFD4C /* Utilities */,
				D08331FF29D857B300EEB6E4 /* Delegates */,
				D083320029D857D700EEB6E4 /* AuthScreen */,
				D08331ED29D83ED000EEB6E4 /* Main.storyboard */,
				D08331F029D83ED800EEB6E4 /* Assets.xcassets */,
				D08331F229D83ED800EEB6E4 /* LaunchScreen.storyboard */,
				D08331F529D83ED800EEB6E4 /* Info.plist */,
				D08331FD29D8433000EEB6E4 /* GoogleService-Info.plist */,
			);
			path = FitKal;
			sourceTree = "<group>";
		};
		D08331FF29D857B300EEB6E4 /* Delegates */ = {
			isa = PBXGroup;
			children = (
				D08331E729D83ED000EEB6E4 /* AppDelegate.swift */,
				D08331E929D83ED000EEB6E4 /* SceneDelegate.swift */,
			);
			path = Delegates;
			sourceTree = "<group>";
		};
		D083320029D857D700EEB6E4 /* AuthScreen */ = {
			isa = PBXGroup;
			children = (
				D08331EB29D83ED000EEB6E4 /* SignInVC.swift */,
				D0F0A76329D870FC009AFD4C /* SignUpVC.swift */,
				D0B556B229D9AD9100953BC9 /* continueVC.swift */,
			);
			path = AuthScreen;
			sourceTree = "<group>";
		};
		D0F0A76529D8814F009AFD4C /* Utilities */ = {
			isa = PBXGroup;
			children = (
				D0F0A76629D88165009AFD4C /* Utilities.swift */,
				D069BA1A29E58FF3002623A3 /* ExerciseData.swift */,
				D0773C2E29F144EE00580806 /* DietPlan.swift */,
			);
			path = Utilities;
			sourceTree = "<group>";
		};
		D0F0A76829D99EFC009AFD4C /* ProfileScreen */ = {
			isa = PBXGroup;
			children = (
				D0F0A76B29D99F73009AFD4C /* ProfilVC.swift */,
			);
			path = ProfileScreen;
			sourceTree = "<group>";
		};
		D0F0A76D29D9A0AF009AFD4C /* ExtensionProfilVC */ = {
			isa = PBXGroup;
			children = (
				D0F0A76E29D9A0ED009AFD4C /* Methods.swift */,
				D0F0A77029D9A105009AFD4C /* İmagePicker.swift */,
			);
			path = ExtensionProfilVC;
			sourceTree = "<group>";
		};
/* End PBXGroup section */

/* Begin PBXNativeTarget section */
		D08331E329D83ED000EEB6E4 /* FitKal */ = {
			isa = PBXNativeTarget;
			buildConfigurationList = D08331F829D83ED800EEB6E4 /* Build configuration list for PBXNativeTarget "FitKal" */;
			buildPhases = (
				259BAF2131BF0D4F6F1D8AF0 /* [CP] Check Pods Manifest.lock */,
				D08331E029D83ED000EEB6E4 /* Sources */,
				D08331E129D83ED000EEB6E4 /* Frameworks */,
				D08331E229D83ED000EEB6E4 /* Resources */,
				70D31502E5116C862A5AD60A /* [CP] Embed Pods Frameworks */,
			);
			buildRules = (
			);
			dependencies = (
			);
			name = FitKal;
			packageProductDependencies = (
				D069BA2429E5AF79002623A3 /* Kingfisher */,
			);
			productName = FitKal;
			productReference = D08331E429D83ED000EEB6E4 /* FitKal.app */;
			productType = "com.apple.product-type.application";
		};
/* End PBXNativeTarget section */

/* Begin PBXProject section */
		D08331DC29D83ED000EEB6E4 /* Project object */ = {
			isa = PBXProject;
			attributes = {
				BuildIndependentTargetsInParallel = 1;
				LastSwiftUpdateCheck = 1340;
				LastUpgradeCheck = 1340;
				TargetAttributes = {
					D08331E329D83ED000EEB6E4 = {
						CreatedOnToolsVersion = 13.4.1;
					};
				};
			};
			buildConfigurationList = D08331DF29D83ED000EEB6E4 /* Build configuration list for PBXProject "FitKal" */;
			compatibilityVersion = "Xcode 13.0";
			developmentRegion = en;
			hasScannedForEncodings = 0;
			knownRegions = (
				en,
				Base,
			);
			mainGroup = D08331DB29D83ED000EEB6E4;
			packageReferences = (
				D069BA2329E5AF79002623A3 /* XCRemoteSwiftPackageReference "Kingfisher" */,
			);
			productRefGroup = D08331E529D83ED000EEB6E4 /* Products */;
			projectDirPath = "";
			projectRoot = "";
			targets = (
				D08331E329D83ED000EEB6E4 /* FitKal */,
			);
		};
/* End PBXProject section */

/* Begin PBXResourcesBuildPhase section */
		D08331E229D83ED000EEB6E4 /* Resources */ = {
			isa = PBXResourcesBuildPhase;
			buildActionMask = 2147483647;
			files = (
				D08331F429D83ED800EEB6E4 /* LaunchScreen.storyboard in Resources */,
				D08331FE29D8433000EEB6E4 /* GoogleService-Info.plist in Resources */,
				D08331F129D83ED800EEB6E4 /* Assets.xcassets in Resources */,
				D08331EF29D83ED000EEB6E4 /* Main.storyboard in Resources */,
			);
			runOnlyForDeploymentPostprocessing = 0;
		};
/* End PBXResourcesBuildPhase section */

/* Begin PBXShellScriptBuildPhase section */
		259BAF2131BF0D4F6F1D8AF0 /* [CP] Check Pods Manifest.lock */ = {
			isa = PBXShellScriptBuildPhase;
			buildActionMask = 2147483647;
			files = (
			);
			inputFileListPaths = (
			);
			inputPaths = (
				"${PODS_PODFILE_DIR_PATH}/Podfile.lock",
				"${PODS_ROOT}/Manifest.lock",
			);
			name = "[CP] Check Pods Manifest.lock";
			outputFileListPaths = (
			);
			outputPaths = (
				"$(DERIVED_FILE_DIR)/Pods-FitKal-checkManifestLockResult.txt",
			);
			runOnlyForDeploymentPostprocessing = 0;
			shellPath = /bin/sh;
			shellScript = "diff \"${PODS_PODFILE_DIR_PATH}/Podfile.lock\" \"${PODS_ROOT}/Manifest.lock\" > /dev/null\nif [ $? != 0 ] ; then\n    # print error to STDERR\n    echo \"error: The sandbox is not in sync with the Podfile.lock. Run 'pod install' or update your CocoaPods installation.\" >&2\n    exit 1\nfi\n# This output is used by Xcode 'outputs' to avoid re-running this script phase.\necho \"SUCCESS\" > \"${SCRIPT_OUTPUT_FILE_0}\"\n";
			showEnvVarsInLog = 0;
		};
		70D31502E5116C862A5AD60A /* [CP] Embed Pods Frameworks */ = {
			isa = PBXShellScriptBuildPhase;
			buildActionMask = 2147483647;
			files = (
			);
			inputFileListPaths = (
				"${PODS_ROOT}/Target Support Files/Pods-FitKal/Pods-FitKal-frameworks-${CONFIGURATION}-input-files.xcfilelist",
			);
			name = "[CP] Embed Pods Frameworks";
			outputFileListPaths = (
				"${PODS_ROOT}/Target Support Files/Pods-FitKal/Pods-FitKal-frameworks-${CONFIGURATION}-output-files.xcfilelist",
			);
			runOnlyForDeploymentPostprocessing = 0;
			shellPath = /bin/sh;
			shellScript = "\"${PODS_ROOT}/Target Support Files/Pods-FitKal/Pods-FitKal-frameworks.sh\"\n";
			showEnvVarsInLog = 0;
		};
/* End PBXShellScriptBuildPhase section */

/* Begin PBXSourcesBuildPhase section */
		D08331E029D83ED000EEB6E4 /* Sources */ = {
			isa = PBXSourcesBuildPhase;
			buildActionMask = 2147483647;
			files = (
				D0773C3B29F14CC200580806 /* RecipeDescription.swift in Sources */,
				D0773C3729F14C2E00580806 /* FoodNutrientsModel.swift in Sources */,
				D0F0A76429D870FC009AFD4C /* SignUpVC.swift in Sources */,
				D0B556B329D9AD9100953BC9 /* continueVC.swift in Sources */,
				D0F0A76F29D9A0ED009AFD4C /* Methods.swift in Sources */,
				D08331EC29D83ED000EEB6E4 /* SignInVC.swift in Sources */,
				D07F1D1029DAF96700C10A4E /* NutrientsViewController.swift in Sources */,
				D069BA1B29E58FF3002623A3 /* ExerciseData.swift in Sources */,
				D0773C4929F1500800580806 /* DietPlanViewController.swift in Sources */,
				D069BA1E29E596EF002623A3 /* ExerciseListViewController.swift in Sources */,
				D0773C2D29F1433900580806 /* DietPlanData.swift in Sources */,
				D069BA1329E4565B002623A3 /* Exercise.swift in Sources */,
				D069BA0D29E44B1F002623A3 /* CardCell.swift in Sources */,
				D0773C3529F1490400580806 /* PreparationDescription.swift in Sources */,
				D0773C2F29F144EE00580806 /* DietPlan.swift in Sources */,
				D069BA0929E44436002623A3 /* WorkoutScreenConstants.swift in Sources */,
				D0773C4E29F1507D00580806 /* FoodCardCollectionViewCell.swift in Sources */,
				D0773C3929F14C6B00580806 /* IngredientModel.swift in Sources */,
				D0773C4129F14E9400580806 /* FoodNutrientsCollectionViewCell.swift in Sources */,
				D0773C2729EEBBD400580806 /* CircularProgressView.swift in Sources */,
				D08331E829D83ED000EEB6E4 /* AppDelegate.swift in Sources */,
				D0F0A76729D88165009AFD4C /* Utilities.swift in Sources */,
				D0F0A77129D9A106009AFD4C /* İmagePicker.swift in Sources */,
				D069BA1529E45670002623A3 /* ExerciseList.swift in Sources */,
				D069BA2029E5971B002623A3 /* ExerciseListCell.swift in Sources */,
				D0773C3229F1488000580806 /* FoodCardModel.swift in Sources */,
				D069BA2229E5AF03002623A3 /* GifViewController.swift in Sources */,
				D0F0A76C29D99F73009AFD4C /* ProfilVC.swift in Sources */,
				D0773C4329F14EE300580806 /* PreparationCollectionViewCell.swift in Sources */,
				D07F1D0D29DAF64100C10A4E /* WorkoutsViewController.swift in Sources */,
				D08331EA29D83ED000EEB6E4 /* SceneDelegate.swift in Sources */,
				D0773C4B29F1503100580806 /* HeaderCollectionReusableView.swift in Sources */,
				D0773C3F29F14E5F00580806 /* IngredientsCollectionViewCell.swift in Sources */,
				D069BA1929E58D75002623A3 /* ExerciseListData.swift in Sources */,
				D0773C2B29EEE65700580806 /* FirstViewController.swift in Sources */,
			);
			runOnlyForDeploymentPostprocessing = 0;
		};
/* End PBXSourcesBuildPhase section */

/* Begin PBXVariantGroup section */
		D08331ED29D83ED000EEB6E4 /* Main.storyboard */ = {
			isa = PBXVariantGroup;
			children = (
				D08331EE29D83ED000EEB6E4 /* Base */,
			);
			name = Main.storyboard;
			sourceTree = "<group>";
		};
		D08331F229D83ED800EEB6E4 /* LaunchScreen.storyboard */ = {
			isa = PBXVariantGroup;
			children = (
				D08331F329D83ED800EEB6E4 /* Base */,
			);
			name = LaunchScreen.storyboard;
			sourceTree = "<group>";
		};
/* End PBXVariantGroup section */

/* Begin XCBuildConfiguration section */
		D08331F629D83ED800EEB6E4 /* Debug */ = {
			isa = XCBuildConfiguration;
			buildSettings = {
				ALWAYS_SEARCH_USER_PATHS = NO;
				CLANG_ANALYZER_NONNULL = YES;
				CLANG_ANALYZER_NUMBER_OBJECT_CONVERSION = YES_AGGRESSIVE;
				CLANG_CXX_LANGUAGE_STANDARD = "gnu++17";
				CLANG_ENABLE_MODULES = YES;
				CLANG_ENABLE_OBJC_ARC = YES;
				CLANG_ENABLE_OBJC_WEAK = YES;
				CLANG_WARN_BLOCK_CAPTURE_AUTORELEASING = YES;
				CLANG_WARN_BOOL_CONVERSION = YES;
				CLANG_WARN_COMMA = YES;
				CLANG_WARN_CONSTANT_CONVERSION = YES;
				CLANG_WARN_DEPRECATED_OBJC_IMPLEMENTATIONS = YES;
				CLANG_WARN_DIRECT_OBJC_ISA_USAGE = YES_ERROR;
				CLANG_WARN_DOCUMENTATION_COMMENTS = YES;
				CLANG_WARN_EMPTY_BODY = YES;
				CLANG_WARN_ENUM_CONVERSION = YES;
				CLANG_WARN_INFINITE_RECURSION = YES;
				CLANG_WARN_INT_CONVERSION = YES;
				CLANG_WARN_NON_LITERAL_NULL_CONVERSION = YES;
				CLANG_WARN_OBJC_IMPLICIT_RETAIN_SELF = YES;
				CLANG_WARN_OBJC_LITERAL_CONVERSION = YES;
				CLANG_WARN_OBJC_ROOT_CLASS = YES_ERROR;
				CLANG_WARN_QUOTED_INCLUDE_IN_FRAMEWORK_HEADER = YES;
				CLANG_WARN_RANGE_LOOP_ANALYSIS = YES;
				CLANG_WARN_STRICT_PROTOTYPES = YES;
				CLANG_WARN_SUSPICIOUS_MOVE = YES;
				CLANG_WARN_UNGUARDED_AVAILABILITY = YES_AGGRESSIVE;
				CLANG_WARN_UNREACHABLE_CODE = YES;
				CLANG_WARN__DUPLICATE_METHOD_MATCH = YES;
				COPY_PHASE_STRIP = NO;
				DEBUG_INFORMATION_FORMAT = dwarf;
				ENABLE_STRICT_OBJC_MSGSEND = YES;
				ENABLE_TESTABILITY = YES;
				GCC_C_LANGUAGE_STANDARD = gnu11;
				GCC_DYNAMIC_NO_PIC = NO;
				GCC_NO_COMMON_BLOCKS = YES;
				GCC_OPTIMIZATION_LEVEL = 0;
				GCC_PREPROCESSOR_DEFINITIONS = (
					"DEBUG=1",
					"$(inherited)",
				);
				GCC_WARN_64_TO_32_BIT_CONVERSION = YES;
				GCC_WARN_ABOUT_RETURN_TYPE = YES_ERROR;
				GCC_WARN_UNDECLARED_SELECTOR = YES;
				GCC_WARN_UNINITIALIZED_AUTOS = YES_AGGRESSIVE;
				GCC_WARN_UNUSED_FUNCTION = YES;
				GCC_WARN_UNUSED_VARIABLE = YES;
				IPHONEOS_DEPLOYMENT_TARGET = 15.5;
				MTL_ENABLE_DEBUG_INFO = INCLUDE_SOURCE;
				MTL_FAST_MATH = YES;
				ONLY_ACTIVE_ARCH = YES;
				SDKROOT = iphoneos;
				SWIFT_ACTIVE_COMPILATION_CONDITIONS = DEBUG;
				SWIFT_OPTIMIZATION_LEVEL = "-Onone";
			};
			name = Debug;
		};
		D08331F729D83ED800EEB6E4 /* Release */ = {
			isa = XCBuildConfiguration;
			buildSettings = {
				ALWAYS_SEARCH_USER_PATHS = NO;
				CLANG_ANALYZER_NONNULL = YES;
				CLANG_ANALYZER_NUMBER_OBJECT_CONVERSION = YES_AGGRESSIVE;
				CLANG_CXX_LANGUAGE_STANDARD = "gnu++17";
				CLANG_ENABLE_MODULES = YES;
				CLANG_ENABLE_OBJC_ARC = YES;
				CLANG_ENABLE_OBJC_WEAK = YES;
				CLANG_WARN_BLOCK_CAPTURE_AUTORELEASING = YES;
				CLANG_WARN_BOOL_CONVERSION = YES;
				CLANG_WARN_COMMA = YES;
				CLANG_WARN_CONSTANT_CONVERSION = YES;
				CLANG_WARN_DEPRECATED_OBJC_IMPLEMENTATIONS = YES;
				CLANG_WARN_DIRECT_OBJC_ISA_USAGE = YES_ERROR;
				CLANG_WARN_DOCUMENTATION_COMMENTS = YES;
				CLANG_WARN_EMPTY_BODY = YES;
				CLANG_WARN_ENUM_CONVERSION = YES;
				CLANG_WARN_INFINITE_RECURSION = YES;
				CLANG_WARN_INT_CONVERSION = YES;
				CLANG_WARN_NON_LITERAL_NULL_CONVERSION = YES;
				CLANG_WARN_OBJC_IMPLICIT_RETAIN_SELF = YES;
				CLANG_WARN_OBJC_LITERAL_CONVERSION = YES;
				CLANG_WARN_OBJC_ROOT_CLASS = YES_ERROR;
				CLANG_WARN_QUOTED_INCLUDE_IN_FRAMEWORK_HEADER = YES;
				CLANG_WARN_RANGE_LOOP_ANALYSIS = YES;
				CLANG_WARN_STRICT_PROTOTYPES = YES;
				CLANG_WARN_SUSPICIOUS_MOVE = YES;
				CLANG_WARN_UNGUARDED_AVAILABILITY = YES_AGGRESSIVE;
				CLANG_WARN_UNREACHABLE_CODE = YES;
				CLANG_WARN__DUPLICATE_METHOD_MATCH = YES;
				COPY_PHASE_STRIP = NO;
				DEBUG_INFORMATION_FORMAT = "dwarf-with-dsym";
				ENABLE_NS_ASSERTIONS = NO;
				ENABLE_STRICT_OBJC_MSGSEND = YES;
				GCC_C_LANGUAGE_STANDARD = gnu11;
				GCC_NO_COMMON_BLOCKS = YES;
				GCC_WARN_64_TO_32_BIT_CONVERSION = YES;
				GCC_WARN_ABOUT_RETURN_TYPE = YES_ERROR;
				GCC_WARN_UNDECLARED_SELECTOR = YES;
				GCC_WARN_UNINITIALIZED_AUTOS = YES_AGGRESSIVE;
				GCC_WARN_UNUSED_FUNCTION = YES;
				GCC_WARN_UNUSED_VARIABLE = YES;
				IPHONEOS_DEPLOYMENT_TARGET = 15.5;
				MTL_ENABLE_DEBUG_INFO = NO;
				MTL_FAST_MATH = YES;
				SDKROOT = iphoneos;
				SWIFT_COMPILATION_MODE = wholemodule;
				SWIFT_OPTIMIZATION_LEVEL = "-O";
				VALIDATE_PRODUCT = YES;
			};
			name = Release;
		};
		D08331F929D83ED800EEB6E4 /* Debug */ = {
			isa = XCBuildConfiguration;
			baseConfigurationReference = C5C5823EBB5F50467BF26778 /* Pods-FitKal.debug.xcconfig */;
			buildSettings = {
				ASSETCATALOG_COMPILER_APPICON_NAME = AppIcon;
				ASSETCATALOG_COMPILER_GLOBAL_ACCENT_COLOR_NAME = AccentColor;
				CODE_SIGN_STYLE = Automatic;
				CURRENT_PROJECT_VERSION = 1;
				GENERATE_INFOPLIST_FILE = YES;
				INFOPLIST_FILE = FitKal/Info.plist;
				INFOPLIST_KEY_UIApplicationSupportsIndirectInputEvents = YES;
				INFOPLIST_KEY_UILaunchStoryboardName = LaunchScreen;
				INFOPLIST_KEY_UIMainStoryboardFile = Main;
				INFOPLIST_KEY_UISupportedInterfaceOrientations_iPad = "UIInterfaceOrientationPortrait UIInterfaceOrientationPortraitUpsideDown UIInterfaceOrientationLandscapeLeft UIInterfaceOrientationLandscapeRight";
				INFOPLIST_KEY_UISupportedInterfaceOrientations_iPhone = "UIInterfaceOrientationPortrait UIInterfaceOrientationLandscapeLeft UIInterfaceOrientationLandscapeRight";
				LD_RUNPATH_SEARCH_PATHS = (
					"$(inherited)",
					"@executable_path/Frameworks",
				);
				MARKETING_VERSION = 1.0;
				PRODUCT_BUNDLE_IDENTIFIER = com.EnginOzlem.FitKal;
				PRODUCT_NAME = "$(TARGET_NAME)";
				SWIFT_EMIT_LOC_STRINGS = YES;
				SWIFT_VERSION = 5.0;
				TARGETED_DEVICE_FAMILY = "1,2";
			};
			name = Debug;
		};
		D08331FA29D83ED800EEB6E4 /* Release */ = {
			isa = XCBuildConfiguration;
			baseConfigurationReference = 42192B0E89729540590D28E2 /* Pods-FitKal.release.xcconfig */;
			buildSettings = {
				ASSETCATALOG_COMPILER_APPICON_NAME = AppIcon;
				ASSETCATALOG_COMPILER_GLOBAL_ACCENT_COLOR_NAME = AccentColor;
				CODE_SIGN_STYLE = Automatic;
				CURRENT_PROJECT_VERSION = 1;
				GENERATE_INFOPLIST_FILE = YES;
				INFOPLIST_FILE = FitKal/Info.plist;
				INFOPLIST_KEY_UIApplicationSupportsIndirectInputEvents = YES;
				INFOPLIST_KEY_UILaunchStoryboardName = LaunchScreen;
				INFOPLIST_KEY_UIMainStoryboardFile = Main;
				INFOPLIST_KEY_UISupportedInterfaceOrientations_iPad = "UIInterfaceOrientationPortrait UIInterfaceOrientationPortraitUpsideDown UIInterfaceOrientationLandscapeLeft UIInterfaceOrientationLandscapeRight";
				INFOPLIST_KEY_UISupportedInterfaceOrientations_iPhone = "UIInterfaceOrientationPortrait UIInterfaceOrientationLandscapeLeft UIInterfaceOrientationLandscapeRight";
				LD_RUNPATH_SEARCH_PATHS = (
					"$(inherited)",
					"@executable_path/Frameworks",
				);
				MARKETING_VERSION = 1.0;
				PRODUCT_BUNDLE_IDENTIFIER = com.EnginOzlem.FitKal;
				PRODUCT_NAME = "$(TARGET_NAME)";
				SWIFT_EMIT_LOC_STRINGS = YES;
				SWIFT_VERSION = 5.0;
				TARGETED_DEVICE_FAMILY = "1,2";
			};
			name = Release;
		};
/* End XCBuildConfiguration section */

/* Begin XCConfigurationList section */
		D08331DF29D83ED000EEB6E4 /* Build configuration list for PBXProject "FitKal" */ = {
			isa = XCConfigurationList;
			buildConfigurations = (
				D08331F629D83ED800EEB6E4 /* Debug */,
				D08331F729D83ED800EEB6E4 /* Release */,
			);
			defaultConfigurationIsVisible = 0;
			defaultConfigurationName = Release;
		};
		D08331F829D83ED800EEB6E4 /* Build configuration list for PBXNativeTarget "FitKal" */ = {
			isa = XCConfigurationList;
			buildConfigurations = (
				D08331F929D83ED800EEB6E4 /* Debug */,
				D08331FA29D83ED800EEB6E4 /* Release */,
			);
			defaultConfigurationIsVisible = 0;
			defaultConfigurationName = Release;
		};
/* End XCConfigurationList section */

/* Begin XCRemoteSwiftPackageReference section */
		D069BA2329E5AF79002623A3 /* XCRemoteSwiftPackageReference "Kingfisher" */ = {
			isa = XCRemoteSwiftPackageReference;
			repositoryURL = "https://github.com/onevcat/Kingfisher.git";
			requirement = {
				branch = master;
				kind = branch;
			};
		};
/* End XCRemoteSwiftPackageReference section */

/* Begin XCSwiftPackageProductDependency section */
		D069BA2429E5AF79002623A3 /* Kingfisher */ = {
			isa = XCSwiftPackageProductDependency;
			package = D069BA2329E5AF79002623A3 /* XCRemoteSwiftPackageReference "Kingfisher" */;
			productName = Kingfisher;
		};
/* End XCSwiftPackageProductDependency section */
	};
	rootObject = D08331DC29D83ED000EEB6E4 /* Project object */;
}
